
Microsoft Visual Studio Solution File, Format Version 12.00
# Visual Studio Version 17
VisualStudioVersion = 17.6.33723.286
MinimumVisualStudioVersion = 10.0.40219.1
Project("{FAE04EC0-301F-11D3-BF4B-00C04F79EFBC}") = "КУРСАЧ", "КУРСАЧ\КУРСАЧ.csproj", "{9C392EDD-0DD9-4F54-ACBE-6CA1040EEE7B}"
EndProject
Project("{FAE04EC0-301F-11D3-BF4B-00C04F79EFBC}") = "TestProjectKursovaya", "TestProjectKursovaya\TestProjectKursovaya.csproj", "{6D5208EA-1838-4C0F-97CF-635FF25B51D0}"
EndProject
Global
	GlobalSection(SolutionConfigurationPlatforms) = preSolution
		Debug|Any CPU = Debug|Any CPU
		Release|Any CPU = Release|Any CPU
	EndGlobalSection
	GlobalSection(ProjectConfigurationPlatforms) = postSolution
		{9C392EDD-0DD9-4F54-ACBE-6CA1040EEE7B}.Debug|Any CPU.ActiveCfg = Debug|Any CPU
		{9C392EDD-0DD9-4F54-ACBE-6CA1040EEE7B}.Debug|Any CPU.Build.0 = Debug|Any CPU
		{9C392EDD-0DD9-4F54-ACBE-6CA1040EEE7B}.Release|Any CPU.ActiveCfg = Release|Any CPU
		{9C392EDD-0DD9-4F54-ACBE-6CA1040EEE7B}.Release|Any CPU.Build.0 = Release|Any CPU
		{6D5208EA-1838-4C0F-97CF-635FF25B51D0}.Debug|Any CPU.ActiveCfg = Debug|Any CPU
		{6D5208EA-1838-4C0F-97CF-635FF25B51D0}.Debug|Any CPU.Build.0 = Debug|Any CPU
		{6D5208EA-1838-4C0F-97CF-635FF25B51D0}.Release|Any CPU.ActiveCfg = Release|Any CPU
		{6D5208EA-1838-4C0F-97CF-635FF25B51D0}.Release|Any CPU.Build.0 = Release|Any CPU
	EndGlobalSection
	GlobalSection(SolutionProperties) = preSolution
		HideSolutionNode = FALSE
	EndGlobalSection
	GlobalSection(ExtensibilityGlobals) = postSolution
		SolutionGuid = {03AA2788-2F90-4D3B-B3CE-D0BB67FDF24A}
	EndGlobalSection
EndGlobal
